
Microsoft Visual Studio Solution File, Format Version 12.00
# Visual Studio Version 17
VisualStudioVersion = 17.4.33213.308
MinimumVisualStudioVersion = 10.0.40219.1
Project("{8BC9CEB8-8B4A-11D0-8D11-00A0C91BC942}") = "MainframeMayhem", "MainframeMayhem.vcxproj", "{8D0F6F5E-016B-4FA8-B1C0-FA65BF6791B0}"
EndProject
Project("{8BC9CEB8-8B4A-11D0-8D11-00A0C91BC942}") = "common", "%ZGB_PATH%\common.vcxproj", "{A820F4AF-3BAD-4781-86FB-C055E213A91D}"
EndProject
Project("{9A19103F-16F7-4668-BE54-9A1E7A4F7556}") = "ParseLevels", "ParseLevels\ParseLevels.csproj", "{A62324FC-EF65-4E19-A72B-494B0355F64D}"
EndProject
Project("{2150E333-8FDC-42A3-9474-1A3956D46DE8}") = "Solution Items", "Solution Items", "{4BDE8AB0-B2CB-4FC1-A1FD-837743F39D91}"
	ProjectSection(SolutionItems) = preProject
		.editorconfig = .editorconfig
		.gitignore = .gitignore
		build.bat = build.bat
		build_Color.bat = build_Color.bat
		build_Debug.bat = build_Debug.bat
		build_DebugColor.bat = build_DebugColor.bat
		clean.bat = clean.bat
		GenerateLevels.cmd = GenerateLevels.cmd
		LICENSE = LICENSE
		README.md = README.md
	EndProjectSection
EndProject
Project("{2150E333-8FDC-42A3-9474-1A3956D46DE8}") = "res", "res", "{796E3143-C87E-478D-81F6-AC149CD0734C}"
	ProjectSection(SolutionItems) = preProject
		res\font.gbr = res\font.gbr
		res\map.gbm = res\map.gbm
		res\tiles.gbr = res\tiles.gbr
	EndProjectSection
EndProject
Project("{2150E333-8FDC-42A3-9474-1A3956D46DE8}") = "levels", "levels", "{3BC8F732-880D-4742-A3F0-0E34C52C3991}"
	ProjectSection(SolutionItems) = preProject
		res\levels\Microban II.txt = res\levels\Microban II.txt
		res\levels\Microban III.txt = res\levels\Microban III.txt
		res\levels\Microban IV.txt = res\levels\Microban IV.txt
		res\levels\Microban.txt = res\levels\Microban.txt
		res\levels\Sasquatch II.txt = res\levels\Sasquatch II.txt
		res\levels\Sasquatch III.txt = res\levels\Sasquatch III.txt
		res\levels\Sasquatch IV.txt = res\levels\Sasquatch IV.txt
		res\levels\Sasquatch IX.txt = res\levels\Sasquatch IX.txt
		res\levels\Sasquatch V.txt = res\levels\Sasquatch V.txt
		res\levels\Sasquatch VI.txt = res\levels\Sasquatch VI.txt
		res\levels\Sasquatch VII.txt = res\levels\Sasquatch VII.txt
		res\levels\Sasquatch VIII.txt = res\levels\Sasquatch VIII.txt
		res\levels\Sasquatch X.txt = res\levels\Sasquatch X.txt
		res\levels\Sasquatch XI.txt = res\levels\Sasquatch XI.txt
		res\levels\Sasquatch.txt = res\levels\Sasquatch.txt
		res\levels\TestLevels.txt = res\levels\TestLevels.txt
		res\levels\YoshioMurase.txt = res\levels\YoshioMurase.txt
	EndProjectSection
EndProject
Project("{2150E333-8FDC-42A3-9474-1A3956D46DE8}") = "sprites", "sprites", "{77286579-807D-48C1-892D-416F864DE311}"
	ProjectSection(SolutionItems) = preProject
		res\sprites\player.gbr = res\sprites\player.gbr
		res\sprites\player.gbr.meta = res\sprites\player.gbr.meta
	EndProjectSection
EndProject
Global
	GlobalSection(SolutionConfigurationPlatforms) = preSolution
		Debug|Any CPU = Debug|Any CPU
		Debug|x86 = Debug|x86
		DebugColor|Any CPU = DebugColor|Any CPU
		DebugColor|x86 = DebugColor|x86
		Release|Any CPU = Release|Any CPU
		Release|x86 = Release|x86
		ReleaseColor|Any CPU = ReleaseColor|Any CPU
		ReleaseColor|x86 = ReleaseColor|x86
	EndGlobalSection
	GlobalSection(ProjectConfigurationPlatforms) = postSolution
		{8D0F6F5E-016B-4FA8-B1C0-FA65BF6791B0}.Debug|Any CPU.ActiveCfg = Debug|Win32
		{8D0F6F5E-016B-4FA8-B1C0-FA65BF6791B0}.Debug|Any CPU.Build.0 = Debug|Win32
		{8D0F6F5E-016B-4FA8-B1C0-FA65BF6791B0}.Debug|x86.ActiveCfg = Debug|Win32
		{8D0F6F5E-016B-4FA8-B1C0-FA65BF6791B0}.Debug|x86.Build.0 = Debug|Win32
		{8D0F6F5E-016B-4FA8-B1C0-FA65BF6791B0}.DebugColor|Any CPU.ActiveCfg = DebugColor|Win32
		{8D0F6F5E-016B-4FA8-B1C0-FA65BF6791B0}.DebugColor|Any CPU.Build.0 = DebugColor|Win32
		{8D0F6F5E-016B-4FA8-B1C0-FA65BF6791B0}.DebugColor|x86.ActiveCfg = DebugColor|Win32
		{8D0F6F5E-016B-4FA8-B1C0-FA65BF6791B0}.DebugColor|x86.Build.0 = DebugColor|Win32
		{8D0F6F5E-016B-4FA8-B1C0-FA65BF6791B0}.Release|Any CPU.ActiveCfg = Release|Win32
		{8D0F6F5E-016B-4FA8-B1C0-FA65BF6791B0}.Release|Any CPU.Build.0 = Release|Win32
		{8D0F6F5E-016B-4FA8-B1C0-FA65BF6791B0}.Release|x86.ActiveCfg = Release|Win32
		{8D0F6F5E-016B-4FA8-B1C0-FA65BF6791B0}.Release|x86.Build.0 = Release|Win32
		{8D0F6F5E-016B-4FA8-B1C0-FA65BF6791B0}.ReleaseColor|Any CPU.ActiveCfg = ReleaseColor|Win32
		{8D0F6F5E-016B-4FA8-B1C0-FA65BF6791B0}.ReleaseColor|Any CPU.Build.0 = ReleaseColor|Win32
		{8D0F6F5E-016B-4FA8-B1C0-FA65BF6791B0}.ReleaseColor|x86.ActiveCfg = ReleaseColor|Win32
		{8D0F6F5E-016B-4FA8-B1C0-FA65BF6791B0}.ReleaseColor|x86.Build.0 = ReleaseColor|Win32
		{A820F4AF-3BAD-4781-86FB-C055E213A91D}.Debug|Any CPU.ActiveCfg = Debug|Win32
		{A820F4AF-3BAD-4781-86FB-C055E213A91D}.Debug|Any CPU.Build.0 = Debug|Win32
		{A820F4AF-3BAD-4781-86FB-C055E213A91D}.Debug|x86.ActiveCfg = Debug|Win32
		{A820F4AF-3BAD-4781-86FB-C055E213A91D}.Debug|x86.Build.0 = Debug|Win32
		{A820F4AF-3BAD-4781-86FB-C055E213A91D}.DebugColor|Any CPU.ActiveCfg = DebugColor|Win32
		{A820F4AF-3BAD-4781-86FB-C055E213A91D}.DebugColor|Any CPU.Build.0 = DebugColor|Win32
		{A820F4AF-3BAD-4781-86FB-C055E213A91D}.DebugColor|x86.ActiveCfg = DebugColor|Win32
		{A820F4AF-3BAD-4781-86FB-C055E213A91D}.DebugColor|x86.Build.0 = DebugColor|Win32
		{A820F4AF-3BAD-4781-86FB-C055E213A91D}.Release|Any CPU.ActiveCfg = Release|Win32
		{A820F4AF-3BAD-4781-86FB-C055E213A91D}.Release|Any CPU.Build.0 = Release|Win32
		{A820F4AF-3BAD-4781-86FB-C055E213A91D}.Release|x86.ActiveCfg = Release|Win32
		{A820F4AF-3BAD-4781-86FB-C055E213A91D}.Release|x86.Build.0 = Release|Win32
		{A820F4AF-3BAD-4781-86FB-C055E213A91D}.ReleaseColor|Any CPU.ActiveCfg = ReleaseColor|Win32
		{A820F4AF-3BAD-4781-86FB-C055E213A91D}.ReleaseColor|Any CPU.Build.0 = ReleaseColor|Win32
		{A820F4AF-3BAD-4781-86FB-C055E213A91D}.ReleaseColor|x86.ActiveCfg = ReleaseColor|Win32
		{A820F4AF-3BAD-4781-86FB-C055E213A91D}.ReleaseColor|x86.Build.0 = ReleaseColor|Win32
		{A62324FC-EF65-4E19-A72B-494B0355F64D}.Debug|Any CPU.ActiveCfg = Debug|Any CPU
		{A62324FC-EF65-4E19-A72B-494B0355F64D}.Debug|Any CPU.Build.0 = Debug|Any CPU
		{A62324FC-EF65-4E19-A72B-494B0355F64D}.Debug|x86.ActiveCfg = Debug|Any CPU
		{A62324FC-EF65-4E19-A72B-494B0355F64D}.Debug|x86.Build.0 = Debug|Any CPU
		{A62324FC-EF65-4E19-A72B-494B0355F64D}.DebugColor|Any CPU.ActiveCfg = Debug|Any CPU
		{A62324FC-EF65-4E19-A72B-494B0355F64D}.DebugColor|Any CPU.Build.0 = Debug|Any CPU
		{A62324FC-EF65-4E19-A72B-494B0355F64D}.DebugColor|x86.ActiveCfg = Debug|Any CPU
		{A62324FC-EF65-4E19-A72B-494B0355F64D}.DebugColor|x86.Build.0 = Debug|Any CPU
		{A62324FC-EF65-4E19-A72B-494B0355F64D}.Release|Any CPU.ActiveCfg = Release|Any CPU
		{A62324FC-EF65-4E19-A72B-494B0355F64D}.Release|Any CPU.Build.0 = Release|Any CPU
		{A62324FC-EF65-4E19-A72B-494B0355F64D}.Release|x86.ActiveCfg = Release|Any CPU
		{A62324FC-EF65-4E19-A72B-494B0355F64D}.Release|x86.Build.0 = Release|Any CPU
		{A62324FC-EF65-4E19-A72B-494B0355F64D}.ReleaseColor|Any CPU.ActiveCfg = Release|Any CPU
		{A62324FC-EF65-4E19-A72B-494B0355F64D}.ReleaseColor|Any CPU.Build.0 = Release|Any CPU
		{A62324FC-EF65-4E19-A72B-494B0355F64D}.ReleaseColor|x86.ActiveCfg = Release|Any CPU
		{A62324FC-EF65-4E19-A72B-494B0355F64D}.ReleaseColor|x86.Build.0 = Release|Any CPU
	EndGlobalSection
	GlobalSection(SolutionProperties) = preSolution
		HideSolutionNode = FALSE
	EndGlobalSection
	GlobalSection(NestedProjects) = preSolution
		{3BC8F732-880D-4742-A3F0-0E34C52C3991} = {796E3143-C87E-478D-81F6-AC149CD0734C}
		{77286579-807D-48C1-892D-416F864DE311} = {796E3143-C87E-478D-81F6-AC149CD0734C}
	EndGlobalSection
	GlobalSection(ExtensibilityGlobals) = postSolution
		SolutionGuid = {F243FCFA-AD88-444C-B428-EB5871C44D90}
	EndGlobalSection
EndGlobal
